// !$*UTF8*$!
{
	archiveVersion = 1;
	classes = {
	};
	objectVersion = 46;
	objects = {

/* Begin PBXBuildFile section */
		48B689DE1C7E917E001A4DF6 /* main.m in Sources */ = {isa = PBXBuildFile; fileRef = 48B689DD1C7E917E001A4DF6 /* main.m */; };
		48B689E11C7E917E001A4DF6 /* AppDelegate.m in Sources */ = {isa = PBXBuildFile; fileRef = 48B689E01C7E917E001A4DF6 /* AppDelegate.m */; };
		48B689E41C7E917E001A4DF6 /* ViewController.m in Sources */ = {isa = PBXBuildFile; fileRef = 48B689E31C7E917E001A4DF6 /* ViewController.m */; };
		48B689E71C7E917E001A4DF6 /* Main.storyboard in Resources */ = {isa = PBXBuildFile; fileRef = 48B689E51C7E917E001A4DF6 /* Main.storyboard */; };
		48B689EA1C7E917E001A4DF6 /* HelloWorld.xcdatamodeld in Sources */ = {isa = PBXBuildFile; fileRef = 48B689E81C7E917E001A4DF6 /* HelloWorld.xcdatamodeld */; };
		48B689EC1C7E917E001A4DF6 /* Assets.xcassets in Resources */ = {isa = PBXBuildFile; fileRef = 48B689EB1C7E917E001A4DF6 /* Assets.xcassets */; };
		48B689EF1C7E917E001A4DF6 /* LaunchScreen.storyboard in Resources */ = {isa = PBXBuildFile; fileRef = 48B689ED1C7E917E001A4DF6 /* LaunchScreen.storyboard */; };
/* End PBXBuildFile section */

/* Begin PBXFileReference section */
		48B689D91C7E917E001A4DF6 /* HelloWorld.app */ = {isa = PBXFileReference; explicitFileType = wrapper.application; includeInIndex = 0; path = HelloWorld.app; sourceTree = BUILT_PRODUCTS_DIR; };
		48B689DD1C7E917E001A4DF6 /* main.m */ = {isa = PBXFileReference; lastKnownFileType = sourcecode.c.objc; path = main.m; sourceTree = "<group>"; };
		48B689DF1C7E917E001A4DF6 /* AppDelegate.h */ = {isa = PBXFileReference; lastKnownFileType = sourcecode.c.h; path = AppDelegate.h; sourceTree = "<group>"; };
		48B689E01C7E917E001A4DF6 /* AppDelegate.m */ = {isa = PBXFileReference; lastKnownFileType = sourcecode.c.objc; path = AppDelegate.m; sourceTree = "<group>"; };
		48B689E21C7E917E001A4DF6 /* ViewController.h */ = {isa = PBXFileReference; lastKnownFileType = sourcecode.c.h; path = ViewController.h; sourceTree = "<group>"; };
		48B689E31C7E917E001A4DF6 /* ViewController.m */ = {isa = PBXFileReference; lastKnownFileType = sourcecode.c.objc; path = ViewController.m; sourceTree = "<group>"; };
		48B689E61C7E917E001A4DF6 /* Base */ = {isa = PBXFileReference; lastKnownFileType = file.storyboard; name = Base; path = Base.lproj/Main.storyboard; sourceTree = "<group>"; };
		48B689E91C7E917E001A4DF6 /* HelloWorld.xcdatamodel */ = {isa = PBXFileReference; lastKnownFileType = wrapper.xcdatamodel; path = HelloWorld.xcdatamodel; sourceTree = "<group>"; };
		48B689EB1C7E917E001A4DF6 /* Assets.xcassets */ = {isa = PBXFileReference; lastKnownFileType = folder.assetcatalog; path = Assets.xcassets; sourceTree = "<group>"; };
		48B689EE1C7E917E001A4DF6 /* Base */ = {isa = PBXFileReference; lastKnownFileType = file.storyboard; name = Base; path = Base.lproj/LaunchScreen.storyboard; sourceTree = "<group>"; };
		48B689F01C7E917E001A4DF6 /* Info.plist */ = {isa = PBXFileReference; lastKnownFileType = text.plist.xml; path = Info.plist; sourceTree = "<group>"; };
/* End PBXFileReference section */

/* Begin PBXFrameworksBuildPhase section */
		48B689D61C7E917E001A4DF6 /* Frameworks */ = {
			isa = PBXFrameworksBuildPhase;
			buildActionMask = 2147483647;
			files = (
			);
			runOnlyForDeploymentPostprocessing = 0;
		};
/* End PBXFrameworksBuildPhase section */

/* Begin PBXGroup section */
		48B689D01C7E917E001A4DF6 = {
			isa = PBXGroup;
			children = (
				48B689DB1C7E917E001A4DF6 /* HelloWorld */,
				48B689DA1C7E917E001A4DF6 /* Products */,
			);
			sourceTree = "<group>";
		};
		48B689DA1C7E917E001A4DF6 /* Products */ = {
			isa = PBXGroup;
			children = (
				48B689D91C7E917E001A4DF6 /* HelloWorld.app */,
			);
			name = Products;
			sourceTree = "<group>";
		};
		48B689DB1C7E917E001A4DF6 /* HelloWorld */ = {
			isa = PBXGroup;
			children = (
				48B689DF1C7E917E001A4DF6 /* AppDelegate.h */,
				48B689E01C7E917E001A4DF6 /* AppDelegate.m */,
				48B689E21C7E917E001A4DF6 /* ViewController.h */,
				48B689E31C7E917E001A4DF6 /* ViewController.m */,
				48B689E51C7E917E001A4DF6 /* Main.storyboard */,
				48B689EB1C7E917E001A4DF6 /* Assets.xcassets */,
				48B689ED1C7E917E001A4DF6 /* LaunchScreen.storyboard */,
				48B689F01C7E917E001A4DF6 /* Info.plist */,
				48B689E81C7E917E001A4DF6 /* HelloWorld.xcdatamodeld */,
				48B689DC1C7E917E001A4DF6 /* Supporting Files */,
			);
			path = HelloWorld;
			sourceTree = "<group>";
		};
		48B689DC1C7E917E001A4DF6 /* Supporting Files */ = {
			isa = PBXGroup;
			children = (
				48B689DD1C7E917E001A4DF6 /* main.m */,
			);
			name = "Supporting Files";
			sourceTree = "<group>";
		};
/* End PBXGroup section */

/* Begin PBXNativeTarget section */
		48B689D81C7E917E001A4DF6 /* HelloWorld */ = {
			isa = PBXNativeTarget;
			buildConfigurationList = 48B689F31C7E917E001A4DF6 /* Build configuration list for PBXNativeTarget "HelloWorld" */;
			buildPhases = (
				48B689D51C7E917E001A4DF6 /* Sources */,
				48B689D61C7E917E001A4DF6 /* Frameworks */,
				48B689D71C7E917E001A4DF6 /* Resources */,
			);
			buildRules = (
			);
			dependencies = (
			);
			name = HelloWorld;
			productName = HelloWorld;
			productReference = 48B689D91C7E917E001A4DF6 /* HelloWorld.app */;
			productType = "com.apple.product-type.application";
		};
/* End PBXNativeTarget section */

/* Begin PBXProject section */
		48B689D11C7E917E001A4DF6 /* Project object */ = {
			isa = PBXProject;
			attributes = {
				LastUpgradeCheck = 0710;
				ORGANIZATIONNAME = MacPro1;
				TargetAttributes = {
					48B689D81C7E917E001A4DF6 = {
						CreatedOnToolsVersion = 7.1;
						DevelopmentTeam = TP38Q32697;
					};
				};
			};
			buildConfigurationList = 48B689D41C7E917E001A4DF6 /* Build configuration list for PBXProject "HelloWorld" */;
			compatibilityVersion = "Xcode 3.2";
			developmentRegion = English;
			hasScannedForEncodings = 0;
			knownRegions = (
				en,
				Base,
			);
			mainGroup = 48B689D01C7E917E001A4DF6;
			productRefGroup = 48B689DA1C7E917E001A4DF6 /* Products */;
			projectDirPath = "";
			projectRoot = "";
			targets = (
				48B689D81C7E917E001A4DF6 /* HelloWorld */,
			);
		};
/* End PBXProject section */

/* Begin PBXResourcesBuildPhase section */
		48B689D71C7E917E001A4DF6 /* Resources */ = {
			isa = PBXResourcesBuildPhase;
			buildActionMask = 2147483647;
			files = (
				48B689EF1C7E917E001A4DF6 /* LaunchScreen.storyboard in Resources */,
				48B689EC1C7E917E001A4DF6 /* Assets.xcassets in Resources */,
				48B689E71C7E917E001A4DF6 /* Main.storyboard in Resources */,
			);
			runOnlyForDeploymentPostprocessing = 0;
		};
/* End PBXResourcesBuildPhase section */

/* Begin PBXSourcesBuildPhase section */
		48B689D51C7E917E001A4DF6 /* Sources */ = {
			isa = PBXSourcesBuildPhase;
			buildActionMask = 2147483647;
			files = (
				48B689E41C7E917E001A4DF6 /* ViewController.m in Sources */,
				48B689E11C7E917E001A4DF6 /* AppDelegate.m in Sources */,
				48B689DE1C7E917E001A4DF6 /* main.m in Sources */,
				48B689EA1C7E917E001A4DF6 /* HelloWorld.xcdatamodeld in Sources */,
			);
			runOnlyForDeploymentPostprocessing = 0;
		};
/* End PBXSourcesBuildPhase section */

/* Begin PBXVariantGroup section */
		48B689E51C7E917E001A4DF6 /* Main.storyboard */ = {
			isa = PBXVariantGroup;
			children = (
				48B689E61C7E917E001A4DF6 /* Base */,
			);
			name = Main.storyboard;
			sourceTree = "<group>";
		};
		48B689ED1C7E917E001A4DF6 /* LaunchScreen.storyboard */ = {
			isa = PBXVariantGroup;
			children = (
				48B689EE1C7E917E001A4DF6 /* Base */,
			);
			name = LaunchScreen.storyboard;
			sourceTree = "<group>";
		};
/* End PBXVariantGroup section */

/* Begin XCBuildConfiguration section */
		48B689F11C7E917E001A4DF6 /* Debug */ = {
			isa = XCBuildConfiguration;
			buildSettings = {
				ALWAYS_SEARCH_USER_PATHS = NO;
				CLANG_CXX_LANGUAGE_STANDARD = "gnu++0x";
				CLANG_CXX_LIBRARY = "libc++";
				CLANG_ENABLE_MODULES = YES;
				CLANG_ENABLE_OBJC_ARC = YES;
				CLANG_WARN_BOOL_CONVERSION = YES;
				CLANG_WARN_CONSTANT_CONVERSION = YES;
				CLANG_WARN_DIRECT_OBJC_ISA_USAGE = YES_ERROR;
				CLANG_WARN_EMPTY_BODY = YES;
				CLANG_WARN_ENUM_CONVERSION = YES;
				CLANG_WARN_INT_CONVERSION = YES;
				CLANG_WARN_OBJC_ROOT_CLASS = YES_ERROR;
				CLANG_WARN_UNREACHABLE_CODE = YES;
				CLANG_WARN__DUPLICATE_METHOD_MATCH = YES;
				"CODE_SIGN_IDENTITY[sdk=iphoneos*]" = "iPhone Developer";
				COPY_PHASE_STRIP = NO;
				DEBUG_INFORMATION_FORMAT = dwarf;
				ENABLE_STRICT_OBJC_MSGSEND = YES;
				ENABLE_TESTABILITY = YES;
				GCC_C_LANGUAGE_STANDARD = gnu99;
				GCC_DYNAMIC_NO_PIC = NO;
				GCC_NO_COMMON_BLOCKS = YES;
				GCC_OPTIMIZATION_LEVEL = 0;
				GCC_PREPROCESSOR_DEFINITIONS = (
					"DEBUG=1",
					"$(inherited)",
				);
				GCC_WARN_64_TO_32_BIT_CONVERSION = YES;
				GCC_WARN_ABOUT_RETURN_TYPE = YES_ERROR;
				GCC_WARN_UNDECLARED_SELECTOR = YES;
				GCC_WARN_UNINITIALIZED_AUTOS = YES_AGGRESSIVE;
				GCC_WARN_UNUSED_FUNCTION = YES;
				GCC_WARN_UNUSED_VARIABLE = YES;
				IPHONEOS_DEPLOYMENT_TARGET = 9.1;
				MTL_ENABLE_DEBUG_INFO = YES;
				ONLY_ACTIVE_ARCH = YES;
				SDKROOT = iphoneos;
			};
			name = Debug;
		};
		48B689F21C7E917E001A4DF6 /* Release */ = {
			isa = XCBuildConfiguration;
			buildSettings = {
				ALWAYS_SEARCH_USER_PATHS = NO;
				CLANG_CXX_LANGUAGE_STANDARD = "gnu++0x";
				CLANG_CXX_LIBRARY = "libc++";
				CLANG_ENABLE_MODULES = YES;
				CLANG_ENABLE_OBJC_ARC = YES;
				CLANG_WARN_BOOL_CONVERSION = YES;
				CLANG_WARN_CONSTANT_CONVERSION = YES;
				CLANG_WARN_DIRECT_OBJC_ISA_USAGE = YES_ERROR;
				CLANG_WARN_EMPTY_BODY = YES;
				CLANG_WARN_ENUM_CONVERSION = YES;
				CLANG_WARN_INT_CONVERSION = YES;
				CLANG_WARN_OBJC_ROOT_CLASS = YES_ERROR;
				CLANG_WARN_UNREACHABLE_CODE = YES;
				CLANG_WARN__DUPLICATE_METHOD_MATCH = YES;
				"CODE_SIGN_IDENTITY[sdk=iphoneos*]" = "iPhone Developer";
				COPY_PHASE_STRIP = NO;
				DEBUG_INFORMATION_FORMAT = "dwarf-with-dsym";
				ENABLE_NS_ASSERTIONS = NO;
				ENABLE_STRICT_OBJC_MSGSEND = YES;
				GCC_C_LANGUAGE_STANDARD = gnu99;
				GCC_NO_COMMON_BLOCKS = YES;
				GCC_WARN_64_TO_32_BIT_CONVERSION = YES;
				GCC_WARN_ABOUT_RETURN_TYPE = YES_ERROR;
				GCC_WARN_UNDECLARED_SELECTOR = YES;
				GCC_WARN_UNINITIALIZED_AUTOS = YES_AGGRESSIVE;
				GCC_WARN_UNUSED_FUNCTION = YES;
				GCC_WARN_UNUSED_VARIABLE = YES;
				IPHONEOS_DEPLOYMENT_TARGET = 9.1;
				MTL_ENABLE_DEBUG_INFO = NO;
				SDKROOT = iphoneos;
				VALIDATE_PRODUCT = YES;
			};
			name = Release;
		};
		48B689F41C7E917E001A4DF6 /* Debug */ = {
			isa = XCBuildConfiguration;
			buildSettings = {
				ASSETCATALOG_COMPILER_APPICON_NAME = AppIcon;
				INFOPLIST_FILE = HelloWorld/Info.plist;
				LD_RUNPATH_SEARCH_PATHS = "$(inherited) @executable_path/Frameworks";
				PRODUCT_BUNDLE_IDENTIFIER = com.HelloWorld;
				PRODUCT_NAME = "$(TARGET_NAME)";
			};
			name = Debug;
		};
		48B689F51C7E917E001A4DF6 /* Release */ = {
			isa = XCBuildConfiguration;
			buildSettings = {
				ASSETCATALOG_COMPILER_APPICON_NAME = AppIcon;
				INFOPLIST_FILE = HelloWorld/Info.plist;
				LD_RUNPATH_SEARCH_PATHS = "$(inherited) @executable_path/Frameworks";
				PRODUCT_BUNDLE_IDENTIFIER = com.HelloWorld;
				PRODUCT_NAME = "$(TARGET_NAME)";
			};
			name = Release;
		};
/* End XCBuildConfiguration section */

/* Begin XCConfigurationList section */
		48B689D41C7E917E001A4DF6 /* Build configuration list for PBXProject "HelloWorld" */ = {
			isa = XCConfigurationList;
			buildConfigurations = (
				48B689F11C7E917E001A4DF6 /* Debug */,
				48B689F21C7E917E001A4DF6 /* Release */,
			);
			defaultConfigurationIsVisible = 0;
			defaultConfigurationName = Release;
		};
		48B689F31C7E917E001A4DF6 /* Build configuration list for PBXNativeTarget "HelloWorld" */ = {
			isa = XCConfigurationList;
			buildConfigurations = (
				48B689F41C7E917E001A4DF6 /* Debug */,
				48B689F51C7E917E001A4DF6 /* Release */,
			);
			defaultConfigurationIsVisible = 0;
		};
/* End XCConfigurationList section */

/* Begin XCVersionGroup section */
		48B689E81C7E917E001A4DF6 /* HelloWorld.xcdatamodeld */ = {
			isa = XCVersionGroup;
			children = (
				48B689E91C7E917E001A4DF6 /* HelloWorld.xcdatamodel */,
			);
			currentVersion = 48B689E91C7E917E001A4DF6 /* HelloWorld.xcdatamodel */;
			path = HelloWorld.xcdatamodeld;
			sourceTree = "<group>";
			versionGroupType = wrapper.xcdatamodel;
		};
/* End XCVersionGroup section */
	};
	rootObject = 48B689D11C7E917E001A4DF6 /* Project object */;
}
